
Microsoft Visual Studio Solution File, Format Version 12.00
# Visual Studio Version 16
VisualStudioVersion = 16.0.32002.261
MinimumVisualStudioVersion = 10.0.40219.1
Project("{8BC9CEB8-8B4A-11D0-8D11-00A0C91BC942}") = "demo428", "demo428\demo428.vcxproj", "{FD803EE6-8024-4E6E-8ACA-247C58FC810D}"
EndProject
Global
	GlobalSection(SolutionConfigurationPlatforms) = preSolution
		Debug|x64 = Debug|x64
		Debug|x86 = Debug|x86
		Release|x64 = Release|x64
		Release|x86 = Release|x86
	EndGlobalSection
	GlobalSection(ProjectConfigurationPlatforms) = postSolution
		{FD803EE6-8024-4E6E-8ACA-247C58FC810D}.Debug|x64.ActiveCfg = Debug|x64
		{FD803EE6-8024-4E6E-8ACA-247C58FC810D}.Debug|x64.Build.0 = Debug|x64
		{FD803EE6-8024-4E6E-8ACA-247C58FC810D}.Debug|x86.ActiveCfg = Debug|Win32
		{FD803EE6-8024-4E6E-8ACA-247C58FC810D}.Debug|x86.Build.0 = Debug|Win32
		{FD803EE6-8024-4E6E-8ACA-247C58FC810D}.Release|x64.ActiveCfg = Release|x64
		{FD803EE6-8024-4E6E-8ACA-247C58FC810D}.Release|x64.Build.0 = Release|x64
		{FD803EE6-8024-4E6E-8ACA-247C58FC810D}.Release|x86.ActiveCfg = Release|Win32
		{FD803EE6-8024-4E6E-8ACA-247C58FC810D}.Release|x86.Build.0 = Release|Win32
	EndGlobalSection
	GlobalSection(SolutionProperties) = preSolution
		HideSolutionNode = FALSE
	EndGlobalSection
	GlobalSection(ExtensibilityGlobals) = postSolution
		SolutionGuid = {FFC72147-2D00-4EC6-BD5C-7617E811E232}
	EndGlobalSection
EndGlobal
